// !$*UTF8*$!
{
	archiveVersion = 1;
	classes = {
	};
	objectVersion = 77;
	objects = {

/* Begin PBXBuildFile section */
		101B43EDE8D59B2AE0107203 /* CameraCapture.swift in Sources */ = {isa = PBXBuildFile; fileRef = 63BAC8D8BD9F532393B3CF41 /* CameraCapture.swift */; };
		1690BEB000A0CB7C9F4FCA45 /* GestureSynthController.swift in Sources */ = {isa = PBXBuildFile; fileRef = F79AB0B025746F96EDB75E5E /* GestureSynthController.swift */; };
		2103841EA57D45F29FAEB41E /* SynthEngine.swift in Sources */ = {isa = PBXBuildFile; fileRef = 535BB806ECE8174ABA9643BC /* SynthEngine.swift */; };
		29F95F23CFF89337E0E90E7B /* ChordStateStabilizerTests.swift in Sources */ = {isa = PBXBuildFile; fileRef = 1587DB0A994FFA8AB406F9D1 /* ChordStateStabilizerTests.swift */; };
		2F0B7F79A60970493D6DF875 /* GestureSynthApp.swift in Sources */ = {isa = PBXBuildFile; fileRef = BFFB81E3EA4FEBD6F60430FA /* GestureSynthApp.swift */; };
		359C4D5DDC1D53FCB0D0CF25 /* TestHand.swift in Sources */ = {isa = PBXBuildFile; fileRef = 40F4D11275BFE8C88B03FDEA /* TestHand.swift */; };
		39CBAFFD482A360B100FB3BA /* CameraPreviewView.swift in Sources */ = {isa = PBXBuildFile; fileRef = 8CAA6EAE26276C7221E0C9C5 /* CameraPreviewView.swift */; };
		53F508F2F20A829255D4404E /* HandTracker.swift in Sources */ = {isa = PBXBuildFile; fileRef = E30798F2947730FC5320C607 /* HandTracker.swift */; };
		9330229EEE0D42F4C818B145 /* ChordStateStabilizer.swift in Sources */ = {isa = PBXBuildFile; fileRef = 01B3991E88C5AA6331247E5C /* ChordStateStabilizer.swift */; };
		952D4271A6D5B6D6F75E602F /* LandmarkSmoother.swift in Sources */ = {isa = PBXBuildFile; fileRef = 0A56518F33AA1EF7FAC3A7CD /* LandmarkSmoother.swift */; };
		A2A589635224B537EA3DED5C /* GestureLogic.swift in Sources */ = {isa = PBXBuildFile; fileRef = 39DA375FB6EF53E85D5C803A /* GestureLogic.swift */; };
		ABBC9DD9C32DC08145AC231E /* GestureLogicTests.swift in Sources */ = {isa = PBXBuildFile; fileRef = 2BB520B4863F02B2AD2CEA9B /* GestureLogicTests.swift */; };
		AD1341CEBF45CCBD141C498C /* SpectrumVisualizerView.swift in Sources */ = {isa = PBXBuildFile; fileRef = D5AEFA3F2CE74D3230995C7E /* SpectrumVisualizerView.swift */; };
		CE5AAFDFFD69239F3EFCA04C /* ChordEngine.swift in Sources */ = {isa = PBXBuildFile; fileRef = 2FB4E8C6010A0E075A26CF94 /* ChordEngine.swift */; };
		D5157E3867DA04D742305202 /* ChordEngineTests.swift in Sources */ = {isa = PBXBuildFile; fileRef = 781F9B061512293ACD56474F /* ChordEngineTests.swift */; };
		D8A17699C01B0C28DBFA9D81 /* ContentView.swift in Sources */ = {isa = PBXBuildFile; fileRef = 20102C3FE01551C2AF376E62 /* ContentView.swift */; };
		EF3EB4ABACE6CF691E2D228A /* AudioSpectrumAnalyzer.swift in Sources */ = {isa = PBXBuildFile; fileRef = 7D1E77034CE6F9FD12AAAE14 /* AudioSpectrumAnalyzer.swift */; };
/* End PBXBuildFile section */

/* Begin PBXContainerItemProxy section */
		C31C6C6553A06075FF1AB457 /* PBXContainerItemProxy */ = {
			isa = PBXContainerItemProxy;
			containerPortal = D325B7163E636C9C40FD37F7 /* Project object */;
			proxyType = 1;
			remoteGlobalIDString = E8E3DEAF6397D5DCB42FAE6A;
			remoteInfo = GestureSynth;
		};
/* End PBXContainerItemProxy section */

/* Begin PBXFileReference section */
		01B3991E88C5AA6331247E5C /* ChordStateStabilizer.swift */ = {isa = PBXFileReference; lastKnownFileType = sourcecode.swift; path = ChordStateStabilizer.swift; sourceTree = "<group>"; };
		0A56518F33AA1EF7FAC3A7CD /* LandmarkSmoother.swift */ = {isa = PBXFileReference; lastKnownFileType = sourcecode.swift; path = LandmarkSmoother.swift; sourceTree = "<group>"; };
		1587DB0A994FFA8AB406F9D1 /* ChordStateStabilizerTests.swift */ = {isa = PBXFileReference; lastKnownFileType = sourcecode.swift; path = ChordStateStabilizerTests.swift; sourceTree = "<group>"; };
		20102C3FE01551C2AF376E62 /* ContentView.swift */ = {isa = PBXFileReference; lastKnownFileType = sourcecode.swift; path = ContentView.swift; sourceTree = "<group>"; };
		29DA33C181324819360A751E /* GestureSynth.app */ = {isa = PBXFileReference; explicitFileType = wrapper.application; includeInIndex = 0; path = GestureSynth.app; sourceTree = BUILT_PRODUCTS_DIR; };
		2BB520B4863F02B2AD2CEA9B /* GestureLogicTests.swift */ = {isa = PBXFileReference; lastKnownFileType = sourcecode.swift; path = GestureLogicTests.swift; sourceTree = "<group>"; };
		2FB4E8C6010A0E075A26CF94 /* ChordEngine.swift */ = {isa = PBXFileReference; lastKnownFileType = sourcecode.swift; path = ChordEngine.swift; sourceTree = "<group>"; };
		39DA375FB6EF53E85D5C803A /* GestureLogic.swift */ = {isa = PBXFileReference; lastKnownFileType = sourcecode.swift; path = GestureLogic.swift; sourceTree = "<group>"; };
		40F4D11275BFE8C88B03FDEA /* TestHand.swift */ = {isa = PBXFileReference; lastKnownFileType = sourcecode.swift; path = TestHand.swift; sourceTree = "<group>"; };
		535BB806ECE8174ABA9643BC /* SynthEngine.swift */ = {isa = PBXFileReference; lastKnownFileType = sourcecode.swift; path = SynthEngine.swift; sourceTree = "<group>"; };
		63BAC8D8BD9F532393B3CF41 /* CameraCapture.swift */ = {isa = PBXFileReference; lastKnownFileType = sourcecode.swift; path = CameraCapture.swift; sourceTree = "<group>"; };
		781F9B061512293ACD56474F /* ChordEngineTests.swift */ = {isa = PBXFileReference; lastKnownFileType = sourcecode.swift; path = ChordEngineTests.swift; sourceTree = "<group>"; };
		7D1E77034CE6F9FD12AAAE14 /* AudioSpectrumAnalyzer.swift */ = {isa = PBXFileReference; lastKnownFileType = sourcecode.swift; path = AudioSpectrumAnalyzer.swift; sourceTree = "<group>"; };
		8C6967BCA9136EA97CC008D3 /* GestureSynthTests.xctest */ = {isa = PBXFileReference; explicitFileType = wrapper.cfbundle; includeInIndex = 0; path = GestureSynthTests.xctest; sourceTree = BUILT_PRODUCTS_DIR; };
		8CAA6EAE26276C7221E0C9C5 /* CameraPreviewView.swift */ = {isa = PBXFileReference; lastKnownFileType = sourcecode.swift; path = CameraPreviewView.swift; sourceTree = "<group>"; };
		BFFB81E3EA4FEBD6F60430FA /* GestureSynthApp.swift */ = {isa = PBXFileReference; lastKnownFileType = sourcecode.swift; path = GestureSynthApp.swift; sourceTree = "<group>"; };
		D5AEFA3F2CE74D3230995C7E /* SpectrumVisualizerView.swift */ = {isa = PBXFileReference; lastKnownFileType = sourcecode.swift; path = SpectrumVisualizerView.swift; sourceTree = "<group>"; };
		E30798F2947730FC5320C607 /* HandTracker.swift */ = {isa = PBXFileReference; lastKnownFileType = sourcecode.swift; path = HandTracker.swift; sourceTree = "<group>"; };
		F79AB0B025746F96EDB75E5E /* GestureSynthController.swift */ = {isa = PBXFileReference; lastKnownFileType = sourcecode.swift; path = GestureSynthController.swift; sourceTree = "<group>"; };
/* End PBXFileReference section */

/* Begin PBXGroup section */
		1D1FB24BEE54631D3DAF4B29 = {
			isa = PBXGroup;
			children = (
				3C03FF14A78865472E4796AC /* GestureSynth */,
				A01ADAB1FEC381E94300A0C2 /* GestureSynthTests */,
				B0E5987852BF6D1F5343FB0F /* Products */,
			);
			sourceTree = "<group>";
		};
		3C03FF14A78865472E4796AC /* GestureSynth */ = {
			isa = PBXGroup;
			children = (
				7D1E77034CE6F9FD12AAAE14 /* AudioSpectrumAnalyzer.swift */,
				63BAC8D8BD9F532393B3CF41 /* CameraCapture.swift */,
				8CAA6EAE26276C7221E0C9C5 /* CameraPreviewView.swift */,
				2FB4E8C6010A0E075A26CF94 /* ChordEngine.swift */,
				01B3991E88C5AA6331247E5C /* ChordStateStabilizer.swift */,
				20102C3FE01551C2AF376E62 /* ContentView.swift */,
				39DA375FB6EF53E85D5C803A /* GestureLogic.swift */,
				BFFB81E3EA4FEBD6F60430FA /* GestureSynthApp.swift */,
				F79AB0B025746F96EDB75E5E /* GestureSynthController.swift */,
				E30798F2947730FC5320C607 /* HandTracker.swift */,
				0A56518F33AA1EF7FAC3A7CD /* LandmarkSmoother.swift */,
				D5AEFA3F2CE74D3230995C7E /* SpectrumVisualizerView.swift */,
				535BB806ECE8174ABA9643BC /* SynthEngine.swift */,
			);
			path = GestureSynth;
			sourceTree = "<group>";
		};
		A01ADAB1FEC381E94300A0C2 /* GestureSynthTests */ = {
			isa = PBXGroup;
			children = (
				781F9B061512293ACD56474F /* ChordEngineTests.swift */,
				1587DB0A994FFA8AB406F9D1 /* ChordStateStabilizerTests.swift */,
				2BB520B4863F02B2AD2CEA9B /* GestureLogicTests.swift */,
				40F4D11275BFE8C88B03FDEA /* TestHand.swift */,
			);
			path = GestureSynthTests;
			sourceTree = "<group>";
		};
		B0E5987852BF6D1F5343FB0F /* Products */ = {
			isa = PBXGroup;
			children = (
				29DA33C181324819360A751E /* GestureSynth.app */,
				8C6967BCA9136EA97CC008D3 /* GestureSynthTests.xctest */,
			);
			name = Products;
			sourceTree = "<group>";
		};
/* End PBXGroup section */

/* Begin PBXNativeTarget section */
		B1A32916CE3ABA93FCCD9542 /* GestureSynthTests */ = {
			isa = PBXNativeTarget;
			buildConfigurationList = 8CFA697B0B60F2E3EA6CCF6B /* Build configuration list for PBXNativeTarget "GestureSynthTests" */;
			buildPhases = (
				854BF6B0BDE5048CF2086D46 /* Sources */,
			);
			buildRules = (
			);
			dependencies = (
				C526C9595CFAAB8DB302F713 /* PBXTargetDependency */,
			);
			name = GestureSynthTests;
			packageProductDependencies = (
			);
			productName = GestureSynthTests;
			productReference = 8C6967BCA9136EA97CC008D3 /* GestureSynthTests.xctest */;
			productType = "com.apple.product-type.bundle.unit-test";
		};
		E8E3DEAF6397D5DCB42FAE6A /* GestureSynth */ = {
			isa = PBXNativeTarget;
			buildConfigurationList = A22CB1A65E47C1E8448E5C99 /* Build configuration list for PBXNativeTarget "GestureSynth" */;
			buildPhases = (
				1099D1B02329F85FDF8D2E56 /* Sources */,
			);
			buildRules = (
			);
			dependencies = (
			);
			name = GestureSynth;
			packageProductDependencies = (
			);
			productName = GestureSynth;
			productReference = 29DA33C181324819360A751E /* GestureSynth.app */;
			productType = "com.apple.product-type.application";
		};
/* End PBXNativeTarget section */

/* Begin PBXProject section */
		D325B7163E636C9C40FD37F7 /* Project object */ = {
			isa = PBXProject;
			attributes = {
				BuildIndependentTargetsInParallel = YES;
				LastUpgradeCheck = 1430;
				TargetAttributes = {
				};
			};
			buildConfigurationList = E9DBF9827695402DC1D25EB2 /* Build configuration list for PBXProject "GestureSynth" */;
			developmentRegion = en;
			hasScannedForEncodings = 0;
			knownRegions = (
				Base,
				en,
			);
			mainGroup = 1D1FB24BEE54631D3DAF4B29;
			minimizedProjectReferenceProxies = 1;
			preferredProjectObjectVersion = 77;
			productRefGroup = B0E5987852BF6D1F5343FB0F /* Products */;
			projectDirPath = "";
			projectRoot = "";
			targets = (
				E8E3DEAF6397D5DCB42FAE6A /* GestureSynth */,
				B1A32916CE3ABA93FCCD9542 /* GestureSynthTests */,
			);
		};
/* End PBXProject section */

/* Begin PBXSourcesBuildPhase section */
		1099D1B02329F85FDF8D2E56 /* Sources */ = {
			isa = PBXSourcesBuildPhase;
			buildActionMask = 2147483647;
			files = (
				EF3EB4ABACE6CF691E2D228A /* AudioSpectrumAnalyzer.swift in Sources */,
				101B43EDE8D59B2AE0107203 /* CameraCapture.swift in Sources */,
				39CBAFFD482A360B100FB3BA /* CameraPreviewView.swift in Sources */,
				CE5AAFDFFD69239F3EFCA04C /* ChordEngine.swift in Sources */,
				9330229EEE0D42F4C818B145 /* ChordStateStabilizer.swift in Sources */,
				D8A17699C01B0C28DBFA9D81 /* ContentView.swift in Sources */,
				A2A589635224B537EA3DED5C /* GestureLogic.swift in Sources */,
				2F0B7F79A60970493D6DF875 /* GestureSynthApp.swift in Sources */,
				1690BEB000A0CB7C9F4FCA45 /* GestureSynthController.swift in Sources */,
				53F508F2F20A829255D4404E /* HandTracker.swift in Sources */,
				952D4271A6D5B6D6F75E602F /* LandmarkSmoother.swift in Sources */,
				AD1341CEBF45CCBD141C498C /* SpectrumVisualizerView.swift in Sources */,
				2103841EA57D45F29FAEB41E /* SynthEngine.swift in Sources */,
			);
			runOnlyForDeploymentPostprocessing = 0;
		};
		854BF6B0BDE5048CF2086D46 /* Sources */ = {
			isa = PBXSourcesBuildPhase;
			buildActionMask = 2147483647;
			files = (
				D5157E3867DA04D742305202 /* ChordEngineTests.swift in Sources */,
				29F95F23CFF89337E0E90E7B /* ChordStateStabilizerTests.swift in Sources */,
				ABBC9DD9C32DC08145AC231E /* GestureLogicTests.swift in Sources */,
				359C4D5DDC1D53FCB0D0CF25 /* TestHand.swift in Sources */,
			);
			runOnlyForDeploymentPostprocessing = 0;
		};
/* End PBXSourcesBuildPhase section */

/* Begin PBXTargetDependency section */
		C526C9595CFAAB8DB302F713 /* PBXTargetDependency */ = {
			isa = PBXTargetDependency;
			target = E8E3DEAF6397D5DCB42FAE6A /* GestureSynth */;
			targetProxy = C31C6C6553A06075FF1AB457 /* PBXContainerItemProxy */;
		};
/* End PBXTargetDependency section */

/* Begin XCBuildConfiguration section */
		2084F52BC34EB7860FA08807 /* Debug */ = {
			isa = XCBuildConfiguration;
			buildSettings = {
				BUNDLE_LOADER = "$(TEST_HOST)";
				COMBINE_HIDPI_IMAGES = YES;
				GENERATE_INFOPLIST_FILE = YES;
				LD_RUNPATH_SEARCH_PATHS = (
					"$(inherited)",
					"@executable_path/../Frameworks",
					"@loader_path/../Frameworks",
				);
				MACOSX_DEPLOYMENT_TARGET = 14.0;
				PRODUCT_BUNDLE_IDENTIFIER = com.isaacolukanni.GestureSynthTests;
				SDKROOT = macosx;
				SWIFT_VERSION = 6.0;
				TEST_HOST = "$(BUILT_PRODUCTS_DIR)/GestureSynth.app/Contents/MacOS/GestureSynth";
			};
			name = Debug;
		};
		3F496CF80E049BE474E2A054 /* Release */ = {
			isa = XCBuildConfiguration;
			buildSettings = {
				ASSETCATALOG_COMPILER_APPICON_NAME = AppIcon;
				COMBINE_HIDPI_IMAGES = YES;
				CURRENT_PROJECT_VERSION = 1;
				ENABLE_HARDENED_RUNTIME = NO;
				GENERATE_INFOPLIST_FILE = YES;
				INFOPLIST_KEY_LSApplicationCategoryType = "public.app-category.music";
				INFOPLIST_KEY_NSCameraUsageDescription = "Gesture Synth uses your camera to track hand gestures and turn them into music.";
				INFOPLIST_KEY_NSHumanReadableCopyright = "";
				LD_RUNPATH_SEARCH_PATHS = (
					"$(inherited)",
					"@executable_path/../Frameworks",
				);
				MACOSX_DEPLOYMENT_TARGET = 14.0;
				MARKETING_VERSION = 1.0;
				PRODUCT_BUNDLE_IDENTIFIER = com.isaacolukanni.gesturesynth;
				SDKROOT = macosx;
				SWIFT_VERSION = 6.0;
			};
			name = Release;
		};
		5B6BB03AD6F2052E28E00916 /* Release */ = {
			isa = XCBuildConfiguration;
			buildSettings = {
				BUNDLE_LOADER = "$(TEST_HOST)";
				COMBINE_HIDPI_IMAGES = YES;
				GENERATE_INFOPLIST_FILE = YES;
				LD_RUNPATH_SEARCH_PATHS = (
					"$(inherited)",
					"@executable_path/../Frameworks",
					"@loader_path/../Frameworks",
				);
				MACOSX_DEPLOYMENT_TARGET = 14.0;
				PRODUCT_BUNDLE_IDENTIFIER = com.isaacolukanni.GestureSynthTests;
				SDKROOT = macosx;
				SWIFT_VERSION = 6.0;
				TEST_HOST = "$(BUILT_PRODUCTS_DIR)/GestureSynth.app/Contents/MacOS/GestureSynth";
			};
			name = Release;
		};
		685B5A44148766C73CBBD0C0 /* Release */ = {
			isa = XCBuildConfiguration;
			buildSettings = {
				ALWAYS_SEARCH_USER_PATHS = NO;
				CLANG_ANALYZER_NONNULL = YES;
				CLANG_ANALYZER_NUMBER_OBJECT_CONVERSION = YES_AGGRESSIVE;
				CLANG_CXX_LANGUAGE_STANDARD = "gnu++14";
				CLANG_CXX_LIBRARY = "libc++";
				CLANG_ENABLE_MODULES = YES;
				CLANG_ENABLE_OBJC_ARC = YES;
				CLANG_ENABLE_OBJC_WEAK = YES;
				CLANG_WARN_BLOCK_CAPTURE_AUTORELEASING = YES;
				CLANG_WARN_BOOL_CONVERSION = YES;
				CLANG_WARN_COMMA = YES;
				CLANG_WARN_CONSTANT_CONVERSION = YES;
				CLANG_WARN_DEPRECATED_OBJC_IMPLEMENTATIONS = YES;
				CLANG_WARN_DIRECT_OBJC_ISA_USAGE = YES_ERROR;
				CLANG_WARN_DOCUMENTATION_COMMENTS = YES;
				CLANG_WARN_EMPTY_BODY = YES;
				CLANG_WARN_ENUM_CONVERSION = YES;
				CLANG_WARN_INFINITE_RECURSION = YES;
				CLANG_WARN_INT_CONVERSION = YES;
				CLANG_WARN_NON_LITERAL_NULL_CONVERSION = YES;
				CLANG_WARN_OBJC_IMPLICIT_RETAIN_SELF = YES;
				CLANG_WARN_OBJC_LITERAL_CONVERSION = YES;
				CLANG_WARN_OBJC_ROOT_CLASS = YES_ERROR;
				CLANG_WARN_QUOTED_INCLUDE_IN_FRAMEWORK_HEADER = YES;
				CLANG_WARN_RANGE_LOOP_ANALYSIS = YES;
				CLANG_WARN_STRICT_PROTOTYPES = YES;
				CLANG_WARN_SUSPICIOUS_MOVE = YES;
				CLANG_WARN_UNGUARDED_AVAILABILITY = YES_AGGRESSIVE;
				CLANG_WARN_UNREACHABLE_CODE = YES;
				CLANG_WARN__DUPLICATE_METHOD_MATCH = YES;
				COPY_PHASE_STRIP = NO;
				DEBUG_INFORMATION_FORMAT = "dwarf-with-dsym";
				ENABLE_NS_ASSERTIONS = NO;
				ENABLE_STRICT_OBJC_MSGSEND = YES;
				GCC_C_LANGUAGE_STANDARD = gnu11;
				GCC_NO_COMMON_BLOCKS = YES;
				GCC_WARN_64_TO_32_BIT_CONVERSION = YES;
				GCC_WARN_ABOUT_RETURN_TYPE = YES_ERROR;
				GCC_WARN_UNDECLARED_SELECTOR = YES;
				GCC_WARN_UNINITIALIZED_AUTOS = YES_AGGRESSIVE;
				GCC_WARN_UNUSED_FUNCTION = YES;
				GCC_WARN_UNUSED_VARIABLE = YES;
				MTL_ENABLE_DEBUG_INFO = NO;
				MTL_FAST_MATH = YES;
				PRODUCT_NAME = "$(TARGET_NAME)";
				SDKROOT = macosx;
				SWIFT_COMPILATION_MODE = wholemodule;
				SWIFT_OPTIMIZATION_LEVEL = "-O";
				SWIFT_VERSION = 5.0;
			};
			name = Release;
		};
		D932E5086DD483205142E73E /* Debug */ = {
			isa = XCBuildConfiguration;
			buildSettings = {
				ASSETCATALOG_COMPILER_APPICON_NAME = AppIcon;
				COMBINE_HIDPI_IMAGES = YES;
				CURRENT_PROJECT_VERSION = 1;
				ENABLE_HARDENED_RUNTIME = NO;
				GENERATE_INFOPLIST_FILE = YES;
				INFOPLIST_KEY_LSApplicationCategoryType = "public.app-category.music";
				INFOPLIST_KEY_NSCameraUsageDescription = "Gesture Synth uses your camera to track hand gestures and turn them into music.";
				INFOPLIST_KEY_NSHumanReadableCopyright = "";
				LD_RUNPATH_SEARCH_PATHS = (
					"$(inherited)",
					"@executable_path/../Frameworks",
				);
				MACOSX_DEPLOYMENT_TARGET = 14.0;
				MARKETING_VERSION = 1.0;
				PRODUCT_BUNDLE_IDENTIFIER = com.isaacolukanni.gesturesynth;
				SDKROOT = macosx;
				SWIFT_VERSION = 6.0;
			};
			name = Debug;
		};
		DB2BEF8285DD782487885930 /* Debug */ = {
			isa = XCBuildConfiguration;
			buildSettings = {
				ALWAYS_SEARCH_USER_PATHS = NO;
				CLANG_ANALYZER_NONNULL = YES;
				CLANG_ANALYZER_NUMBER_OBJECT_CONVERSION = YES_AGGRESSIVE;
				CLANG_CXX_LANGUAGE_STANDARD = "gnu++14";
				CLANG_CXX_LIBRARY = "libc++";
				CLANG_ENABLE_MODULES = YES;
				CLANG_ENABLE_OBJC_ARC = YES;
				CLANG_ENABLE_OBJC_WEAK = YES;
				CLANG_WARN_BLOCK_CAPTURE_AUTORELEASING = YES;
				CLANG_WARN_BOOL_CONVERSION = YES;
				CLANG_WARN_COMMA = YES;
				CLANG_WARN_CONSTANT_CONVERSION = YES;
				CLANG_WARN_DEPRECATED_OBJC_IMPLEMENTATIONS = YES;
				CLANG_WARN_DIRECT_OBJC_ISA_USAGE = YES_ERROR;
				CLANG_WARN_DOCUMENTATION_COMMENTS = YES;
				CLANG_WARN_EMPTY_BODY = YES;
				CLANG_WARN_ENUM_CONVERSION = YES;
				CLANG_WARN_INFINITE_RECURSION = YES;
				CLANG_WARN_INT_CONVERSION = YES;
				CLANG_WARN_NON_LITERAL_NULL_CONVERSION = YES;
				CLANG_WARN_OBJC_IMPLICIT_RETAIN_SELF = YES;
				CLANG_WARN_OBJC_LITERAL_CONVERSION = YES;
				CLANG_WARN_OBJC_ROOT_CLASS = YES_ERROR;
				CLANG_WARN_QUOTED_INCLUDE_IN_FRAMEWORK_HEADER = YES;
				CLANG_WARN_RANGE_LOOP_ANALYSIS = YES;
				CLANG_WARN_STRICT_PROTOTYPES = YES;
				CLANG_WARN_SUSPICIOUS_MOVE = YES;
				CLANG_WARN_UNGUARDED_AVAILABILITY = YES_AGGRESSIVE;
				CLANG_WARN_UNREACHABLE_CODE = YES;
				CLANG_WARN__DUPLICATE_METHOD_MATCH = YES;
				COPY_PHASE_STRIP = NO;
				DEBUG_INFORMATION_FORMAT = dwarf;
				ENABLE_STRICT_OBJC_MSGSEND = YES;
				ENABLE_TESTABILITY = YES;
				GCC_C_LANGUAGE_STANDARD = gnu11;
				GCC_DYNAMIC_NO_PIC = NO;
				GCC_NO_COMMON_BLOCKS = YES;
				GCC_OPTIMIZATION_LEVEL = 0;
				GCC_PREPROCESSOR_DEFINITIONS = (
					"$(inherited)",
					"DEBUG=1",
				);
				GCC_WARN_64_TO_32_BIT_CONVERSION = YES;
				GCC_WARN_ABOUT_RETURN_TYPE = YES_ERROR;
				GCC_WARN_UNDECLARED_SELECTOR = YES;
				GCC_WARN_UNINITIALIZED_AUTOS = YES_AGGRESSIVE;
				GCC_WARN_UNUSED_FUNCTION = YES;
				GCC_WARN_UNUSED_VARIABLE = YES;
				MTL_ENABLE_DEBUG_INFO = INCLUDE_SOURCE;
				MTL_FAST_MATH = YES;
				ONLY_ACTIVE_ARCH = YES;
				PRODUCT_NAME = "$(TARGET_NAME)";
				SDKROOT = macosx;
				SWIFT_ACTIVE_COMPILATION_CONDITIONS = DEBUG;
				SWIFT_OPTIMIZATION_LEVEL = "-Onone";
				SWIFT_VERSION = 5.0;
			};
			name = Debug;
		};
/* End XCBuildConfiguration section */

/* Begin XCConfigurationList section */
		8CFA697B0B60F2E3EA6CCF6B /* Build configuration list for PBXNativeTarget "GestureSynthTests" */ = {
			isa = XCConfigurationList;
			buildConfigurations = (
				2084F52BC34EB7860FA08807 /* Debug */,
				5B6BB03AD6F2052E28E00916 /* Release */,
			);
			defaultConfigurationIsVisible = 0;
			defaultConfigurationName = Debug;
		};
		A22CB1A65E47C1E8448E5C99 /* Build configuration list for PBXNativeTarget "GestureSynth" */ = {
			isa = XCConfigurationList;
			buildConfigurations = (
				D932E5086DD483205142E73E /* Debug */,
				3F496CF80E049BE474E2A054 /* Release */,
			);
			defaultConfigurationIsVisible = 0;
			defaultConfigurationName = Debug;
		};
		E9DBF9827695402DC1D25EB2 /* Build configuration list for PBXProject "GestureSynth" */ = {
			isa = XCConfigurationList;
			buildConfigurations = (
				DB2BEF8285DD782487885930 /* Debug */,
				685B5A44148766C73CBBD0C0 /* Release */,
			);
			defaultConfigurationIsVisible = 0;
			defaultConfigurationName = Debug;
		};
/* End XCConfigurationList section */
	};
	rootObject = D325B7163E636C9C40FD37F7 /* Project object */;
}
